
Microsoft Visual Studio Solution File, Format Version 12.00
# Visual Studio Version 17
VisualStudioVersion = 17.6.33712.159
MinimumVisualStudioVersion = 10.0.40219.1
Project("{8BC9CEB8-8B4A-11D0-8D11-00A0C91BC942}") = "GeoKurumi", "GeoKurumi\GeoKurumi.vcxproj", "{6FCF6A0D-8C5C-49A1-9F69-55FE5CCE3904}"
EndProject
Project("{54435603-DBB4-11D2-8724-00A0C9A8B90C}") = "GeoKurumiApp", "GeoKurumiApp\GeoKurumiApp.vdproj", "{BE016FA1-5426-4FE2-963A-59A7A7AFE848}"
EndProject
Global
	GlobalSection(SolutionConfigurationPlatforms) = preSolution
		Debug|x64 = Debug|x64
		Debug|x86 = Debug|x86
		Release|x64 = Release|x64
		Release|x86 = Release|x86
	EndGlobalSection
	GlobalSection(ProjectConfigurationPlatforms) = postSolution
		{6FCF6A0D-8C5C-49A1-9F69-55FE5CCE3904}.Debug|x64.ActiveCfg = Debug|x64
		{6FCF6A0D-8C5C-49A1-9F69-55FE5CCE3904}.Debug|x64.Build.0 = Debug|x64
		{6FCF6A0D-8C5C-49A1-9F69-55FE5CCE3904}.Debug|x86.ActiveCfg = Debug|Win32
		{6FCF6A0D-8C5C-49A1-9F69-55FE5CCE3904}.Debug|x86.Build.0 = Debug|Win32
		{6FCF6A0D-8C5C-49A1-9F69-55FE5CCE3904}.Release|x64.ActiveCfg = Release|x64
		{6FCF6A0D-8C5C-49A1-9F69-55FE5CCE3904}.Release|x64.Build.0 = Release|x64
		{6FCF6A0D-8C5C-49A1-9F69-55FE5CCE3904}.Release|x86.ActiveCfg = Release|Win32
		{6FCF6A0D-8C5C-49A1-9F69-55FE5CCE3904}.Release|x86.Build.0 = Release|Win32
		{BE016FA1-5426-4FE2-963A-59A7A7AFE848}.Debug|x64.ActiveCfg = Debug
		{BE016FA1-5426-4FE2-963A-59A7A7AFE848}.Debug|x86.ActiveCfg = Debug
		{BE016FA1-5426-4FE2-963A-59A7A7AFE848}.Release|x64.ActiveCfg = Release
		{BE016FA1-5426-4FE2-963A-59A7A7AFE848}.Release|x86.ActiveCfg = Release
	EndGlobalSection
	GlobalSection(SolutionProperties) = preSolution
		HideSolutionNode = FALSE
	EndGlobalSection
	GlobalSection(ExtensibilityGlobals) = postSolution
		SolutionGuid = {0A5E566A-EF1E-415D-8771-8471446B14A6}
	EndGlobalSection
EndGlobal
